
Microsoft Visual Studio Solution File, Format Version 12.00
# Visual Studio Version 17
VisualStudioVersion = 17.5.33530.505
MinimumVisualStudioVersion = 10.0.40219.1
Project("{9A19103F-16F7-4668-BE54-9A1E7A4F7556}") = "Maktaba.Services.Catalog.Api", "src\Services\Catalog\Maktaba.Services.Catalog.Api\Maktaba.Services.Catalog.Api.csproj", "{0EB8F491-1589-4096-8E44-0B290182E3DA}"
EndProject
Project("{9A19103F-16F7-4668-BE54-9A1E7A4F7556}") = "Maktaba.Services.Catalog.Domain", "src\Services\Catalog\Maktaba.Services.Catalog.Domain\Maktaba.Services.Catalog.Domain.csproj", "{4B15F05A-D7B4-4CD5-89A1-05272875B36A}"
EndProject
Project("{9A19103F-16F7-4668-BE54-9A1E7A4F7556}") = "Maktaba.Services.Catalog.Application", "src\Services\Catalog\Maktaba.Services.Catalog.Application\Maktaba.Services.Catalog.Application.csproj", "{367FB774-D60A-4766-A3DA-4C907F5027B1}"
EndProject
Project("{9A19103F-16F7-4668-BE54-9A1E7A4F7556}") = "Maktaba.Services.Catalog.Infrastructure", "src\Services\Catalog\Maktaba.Services.Catalog.Infrastructure\Maktaba.Services.Catalog.Infrastructure.csproj", "{E4ED612C-BBF0-4BAC-960E-863239B34194}"
EndProject
Project("{2150E333-8FDC-42A3-9474-1A3956D46DE8}") = "Services", "Services", "{53334998-06AE-4A9B-B746-CEE448352D1A}"
EndProject
Project("{2150E333-8FDC-42A3-9474-1A3956D46DE8}") = "Catalog", "Catalog", "{5E9D504D-3452-4EB9-AE38-A0BEBB22FC88}"
EndProject
Project("{2150E333-8FDC-42A3-9474-1A3956D46DE8}") = "ApiGateway", "ApiGateway", "{1ED55D90-BD94-4AD4-82AD-5FB24B8C15F2}"
EndProject
Project("{2150E333-8FDC-42A3-9474-1A3956D46DE8}") = "Identity", "Identity", "{934659CE-638F-45CC-89BC-2DADCDDC7FD8}"
EndProject
Project("{9A19103F-16F7-4668-BE54-9A1E7A4F7556}") = "Maktaba.Services.Identity.Api", "src\Services\Identity\Maktaba.Services.Identity.Api\Maktaba.Services.Identity.Api.csproj", "{D5EEC533-217F-4CDB-B7C2-8224961D661F}"
EndProject
Project("{9A19103F-16F7-4668-BE54-9A1E7A4F7556}") = "Maktaba.Services.Identity.Domain", "src\Services\Identity\Maktaba.Services.Identity.Domain\Maktaba.Services.Identity.Domain.csproj", "{FFDFD7B2-88E9-4D78-A94C-B80EC6B0DEB5}"
EndProject
Project("{9A19103F-16F7-4668-BE54-9A1E7A4F7556}") = "Maktaba.Services.Identity.Infrastructure", "src\Services\Identity\Maktaba.Services.Identity.Infrastructure\Maktaba.Services.Identity.Infrastructure.csproj", "{E427C51D-0658-4E52-9FF5-CCD335094A1B}"
EndProject
Project("{2150E333-8FDC-42A3-9474-1A3956D46DE8}") = "Ocelot", "Ocelot", "{F33E4304-77DE-40A6-97B7-E483080C5680}"
EndProject
Project("{2150E333-8FDC-42A3-9474-1A3956D46DE8}") = "Orders", "Orders", "{174AEA82-8354-4EFC-94E9-A60E1BC74D13}"
EndProject
Project("{9A19103F-16F7-4668-BE54-9A1E7A4F7556}") = "Maktaba.Services.Orders.Api", "src\Services\Orders\Maktaba.Services.Orders.Api\Maktaba.Services.Orders.Api.csproj", "{4B92902D-D300-4706-9351-F4A816684370}"
EndProject
Project("{9A19103F-16F7-4668-BE54-9A1E7A4F7556}") = "Maktaba.Services.Orders.Domain", "src\Services\Orders\Maktaba.Services.Orders.Domain\Maktaba.Services.Orders.Domain.csproj", "{A8E602A6-A2BF-4DB2-BD3F-83AB51F88465}"
EndProject
Project("{9A19103F-16F7-4668-BE54-9A1E7A4F7556}") = "Maktaba.Services.Orders.Infrastructure", "src\Services\Orders\Maktaba.Services.Orders.Infrastructure\Maktaba.Services.Orders.Infrastructure.csproj", "{5A904168-6BB2-4E14-8952-0DCC882BE692}"
EndProject
Project("{2150E333-8FDC-42A3-9474-1A3956D46DE8}") = "Integration", "Integration", "{4A4FA5A0-1FC0-4B07-98B9-C7C66608392C}"
EndProject
Project("{9A19103F-16F7-4668-BE54-9A1E7A4F7556}") = "Maktaba.Integration.MessagingBus", "src\Integration\Maktaba.Integration.MessagingBus\Maktaba.Integration.MessagingBus.csproj", "{E73B6678-7970-466A-AF2D-AA0F7C149DED}"
EndProject
Project("{2150E333-8FDC-42A3-9474-1A3956D46DE8}") = "Basket", "Basket", "{F9005EA0-C6E1-4478-B466-29478E019502}"
EndProject
Project("{9A19103F-16F7-4668-BE54-9A1E7A4F7556}") = "Maktaba.Services.Basket.Api", "src\Services\Basket\Maktaba.Services.Basket.Api\Maktaba.Services.Basket.Api.csproj", "{1B0D59E6-0814-412C-8B5A-122BB3A3A06E}"
EndProject
Project("{2150E333-8FDC-42A3-9474-1A3956D46DE8}") = "BuilldingBlocks", "BuilldingBlocks", "{D27995F1-62B6-457A-82FC-1554C4A0CB4C}"
EndProject
Project("{2150E333-8FDC-42A3-9474-1A3956D46DE8}") = "EventBus", "EventBus", "{33D806E9-E8D7-4BF7-B2B0-CB27084AE926}"
EndProject
Project("{9A19103F-16F7-4668-BE54-9A1E7A4F7556}") = "EventBusRabbitMQ", "src\BuildingBlocks\EventBus\EventBusRabbitMQ\EventBusRabbitMQ.csproj", "{0CC8FDA3-857D-45A7-9635-BD1307513520}"
EndProject
Project("{9A19103F-16F7-4668-BE54-9A1E7A4F7556}") = "EventBus", "src\BuildingBlocks\EventBus\EventBus\EventBus.csproj", "{892DF38B-06C1-47FB-9E3A-CA38E87341DE}"
EndProject
Project("{9A19103F-16F7-4668-BE54-9A1E7A4F7556}") = "Maktaba.Services.Basket.Domain", "src\Services\Basket\Maktaba.Services.Basket.Domain\Maktaba.Services.Basket.Domain.csproj", "{3466A3C2-46C5-48F1-B7D5-0A8ADA65A5DE}"
EndProject
Project("{9A19103F-16F7-4668-BE54-9A1E7A4F7556}") = "Maktaba.Services.Basket.Infrastructure", "src\Services\Basket\Maktaba.Services.Basket.Infrastructure\Maktaba.Services.Basket.Infrastructure.csproj", "{CB5694A1-75A8-4411-A346-80D4B44256CE}"
EndProject
Project("{9A19103F-16F7-4668-BE54-9A1E7A4F7556}") = "OcelotGW", "src\ApiGateway\Ocelot\OcelotGW\OcelotGW.csproj", "{D7956EFE-F3A3-4F6E-BFB7-D6F1067ADC68}"
EndProject
Project("{2150E333-8FDC-42A3-9474-1A3956D46DE8}") = "Shared", "Shared", "{422B8E4C-ECAB-4EB8-9666-812CBDDFC4C0}"
EndProject
Project("{9A19103F-16F7-4668-BE54-9A1E7A4F7556}") = "Services.Shared", "src\Services\Shared\Services.Shared\Services.Shared.csproj", "{CF4A4BB4-9BAD-402B-9250-8071FC765B59}"
EndProject
Project("{9A19103F-16F7-4668-BE54-9A1E7A4F7556}") = "Maktaba.Services.Orders.Application", "src\Services\Orders\Maktaba.Services.Orders.Application\Maktaba.Services.Orders.Application.csproj", "{66B62F85-F6A0-42CB-BED1-858EE8853FAE}"
EndProject
Project("{2150E333-8FDC-42A3-9474-1A3956D46DE8}") = "src", "src", "{6BD75DD3-58D0-45AF-819D-AFE5198CC2C2}"
EndProject
Project("{2150E333-8FDC-42A3-9474-1A3956D46DE8}") = "Solution Items", "Solution Items", "{24F46C15-FFFA-425E-AE60-9027C0D805CE}"
	ProjectSection(SolutionItems) = preProject
		.editorconfig = .editorconfig
		NuGet.config = NuGet.config
	EndProjectSection
EndProject
Global
	GlobalSection(SolutionConfigurationPlatforms) = preSolution
		Debug|Any CPU = Debug|Any CPU
		Release|Any CPU = Release|Any CPU
	EndGlobalSection
	GlobalSection(ProjectConfigurationPlatforms) = postSolution
		{0EB8F491-1589-4096-8E44-0B290182E3DA}.Debug|Any CPU.ActiveCfg = Debug|Any CPU
		{0EB8F491-1589-4096-8E44-0B290182E3DA}.Debug|Any CPU.Build.0 = Debug|Any CPU
		{0EB8F491-1589-4096-8E44-0B290182E3DA}.Release|Any CPU.ActiveCfg = Release|Any CPU
		{0EB8F491-1589-4096-8E44-0B290182E3DA}.Release|Any CPU.Build.0 = Release|Any CPU
		{4B15F05A-D7B4-4CD5-89A1-05272875B36A}.Debug|Any CPU.ActiveCfg = Debug|Any CPU
		{4B15F05A-D7B4-4CD5-89A1-05272875B36A}.Debug|Any CPU.Build.0 = Debug|Any CPU
		{4B15F05A-D7B4-4CD5-89A1-05272875B36A}.Release|Any CPU.ActiveCfg = Release|Any CPU
		{4B15F05A-D7B4-4CD5-89A1-05272875B36A}.Release|Any CPU.Build.0 = Release|Any CPU
		{367FB774-D60A-4766-A3DA-4C907F5027B1}.Debug|Any CPU.ActiveCfg = Debug|Any CPU
		{367FB774-D60A-4766-A3DA-4C907F5027B1}.Debug|Any CPU.Build.0 = Debug|Any CPU
		{367FB774-D60A-4766-A3DA-4C907F5027B1}.Release|Any CPU.ActiveCfg = Release|Any CPU
		{367FB774-D60A-4766-A3DA-4C907F5027B1}.Release|Any CPU.Build.0 = Release|Any CPU
		{E4ED612C-BBF0-4BAC-960E-863239B34194}.Debug|Any CPU.ActiveCfg = Debug|Any CPU
		{E4ED612C-BBF0-4BAC-960E-863239B34194}.Debug|Any CPU.Build.0 = Debug|Any CPU
		{E4ED612C-BBF0-4BAC-960E-863239B34194}.Release|Any CPU.ActiveCfg = Release|Any CPU
		{E4ED612C-BBF0-4BAC-960E-863239B34194}.Release|Any CPU.Build.0 = Release|Any CPU
		{D5EEC533-217F-4CDB-B7C2-8224961D661F}.Debug|Any CPU.ActiveCfg = Debug|Any CPU
		{D5EEC533-217F-4CDB-B7C2-8224961D661F}.Debug|Any CPU.Build.0 = Debug|Any CPU
		{D5EEC533-217F-4CDB-B7C2-8224961D661F}.Release|Any CPU.ActiveCfg = Release|Any CPU
		{D5EEC533-217F-4CDB-B7C2-8224961D661F}.Release|Any CPU.Build.0 = Release|Any CPU
		{FFDFD7B2-88E9-4D78-A94C-B80EC6B0DEB5}.Debug|Any CPU.ActiveCfg = Debug|Any CPU
		{FFDFD7B2-88E9-4D78-A94C-B80EC6B0DEB5}.Debug|Any CPU.Build.0 = Debug|Any CPU
		{FFDFD7B2-88E9-4D78-A94C-B80EC6B0DEB5}.Release|Any CPU.ActiveCfg = Release|Any CPU
		{FFDFD7B2-88E9-4D78-A94C-B80EC6B0DEB5}.Release|Any CPU.Build.0 = Release|Any CPU
		{E427C51D-0658-4E52-9FF5-CCD335094A1B}.Debug|Any CPU.ActiveCfg = Debug|Any CPU
		{E427C51D-0658-4E52-9FF5-CCD335094A1B}.Debug|Any CPU.Build.0 = Debug|Any CPU
		{E427C51D-0658-4E52-9FF5-CCD335094A1B}.Release|Any CPU.ActiveCfg = Release|Any CPU
		{E427C51D-0658-4E52-9FF5-CCD335094A1B}.Release|Any CPU.Build.0 = Release|Any CPU
		{4B92902D-D300-4706-9351-F4A816684370}.Debug|Any CPU.ActiveCfg = Debug|Any CPU
		{4B92902D-D300-4706-9351-F4A816684370}.Debug|Any CPU.Build.0 = Debug|Any CPU
		{4B92902D-D300-4706-9351-F4A816684370}.Release|Any CPU.ActiveCfg = Release|Any CPU
		{4B92902D-D300-4706-9351-F4A816684370}.Release|Any CPU.Build.0 = Release|Any CPU
		{A8E602A6-A2BF-4DB2-BD3F-83AB51F88465}.Debug|Any CPU.ActiveCfg = Debug|Any CPU
		{A8E602A6-A2BF-4DB2-BD3F-83AB51F88465}.Debug|Any CPU.Build.0 = Debug|Any CPU
		{A8E602A6-A2BF-4DB2-BD3F-83AB51F88465}.Release|Any CPU.ActiveCfg = Release|Any CPU
		{A8E602A6-A2BF-4DB2-BD3F-83AB51F88465}.Release|Any CPU.Build.0 = Release|Any CPU
		{5A904168-6BB2-4E14-8952-0DCC882BE692}.Debug|Any CPU.ActiveCfg = Debug|Any CPU
		{5A904168-6BB2-4E14-8952-0DCC882BE692}.Debug|Any CPU.Build.0 = Debug|Any CPU
		{5A904168-6BB2-4E14-8952-0DCC882BE692}.Release|Any CPU.ActiveCfg = Release|Any CPU
		{5A904168-6BB2-4E14-8952-0DCC882BE692}.Release|Any CPU.Build.0 = Release|Any CPU
		{E73B6678-7970-466A-AF2D-AA0F7C149DED}.Debug|Any CPU.ActiveCfg = Debug|Any CPU
		{E73B6678-7970-466A-AF2D-AA0F7C149DED}.Debug|Any CPU.Build.0 = Debug|Any CPU
		{E73B6678-7970-466A-AF2D-AA0F7C149DED}.Release|Any CPU.ActiveCfg = Release|Any CPU
		{E73B6678-7970-466A-AF2D-AA0F7C149DED}.Release|Any CPU.Build.0 = Release|Any CPU
		{1B0D59E6-0814-412C-8B5A-122BB3A3A06E}.Debug|Any CPU.ActiveCfg = Debug|Any CPU
		{1B0D59E6-0814-412C-8B5A-122BB3A3A06E}.Debug|Any CPU.Build.0 = Debug|Any CPU
		{1B0D59E6-0814-412C-8B5A-122BB3A3A06E}.Release|Any CPU.ActiveCfg = Release|Any CPU
		{1B0D59E6-0814-412C-8B5A-122BB3A3A06E}.Release|Any CPU.Build.0 = Release|Any CPU
		{0CC8FDA3-857D-45A7-9635-BD1307513520}.Debug|Any CPU.ActiveCfg = Debug|Any CPU
		{0CC8FDA3-857D-45A7-9635-BD1307513520}.Debug|Any CPU.Build.0 = Debug|Any CPU
		{0CC8FDA3-857D-45A7-9635-BD1307513520}.Release|Any CPU.ActiveCfg = Release|Any CPU
		{0CC8FDA3-857D-45A7-9635-BD1307513520}.Release|Any CPU.Build.0 = Release|Any CPU
		{892DF38B-06C1-47FB-9E3A-CA38E87341DE}.Debug|Any CPU.ActiveCfg = Debug|Any CPU
		{892DF38B-06C1-47FB-9E3A-CA38E87341DE}.Debug|Any CPU.Build.0 = Debug|Any CPU
		{892DF38B-06C1-47FB-9E3A-CA38E87341DE}.Release|Any CPU.ActiveCfg = Release|Any CPU
		{892DF38B-06C1-47FB-9E3A-CA38E87341DE}.Release|Any CPU.Build.0 = Release|Any CPU
		{3466A3C2-46C5-48F1-B7D5-0A8ADA65A5DE}.Debug|Any CPU.ActiveCfg = Debug|Any CPU
		{3466A3C2-46C5-48F1-B7D5-0A8ADA65A5DE}.Debug|Any CPU.Build.0 = Debug|Any CPU
		{3466A3C2-46C5-48F1-B7D5-0A8ADA65A5DE}.Release|Any CPU.ActiveCfg = Release|Any CPU
		{3466A3C2-46C5-48F1-B7D5-0A8ADA65A5DE}.Release|Any CPU.Build.0 = Release|Any CPU
		{CB5694A1-75A8-4411-A346-80D4B44256CE}.Debug|Any CPU.ActiveCfg = Debug|Any CPU
		{CB5694A1-75A8-4411-A346-80D4B44256CE}.Debug|Any CPU.Build.0 = Debug|Any CPU
		{CB5694A1-75A8-4411-A346-80D4B44256CE}.Release|Any CPU.ActiveCfg = Release|Any CPU
		{CB5694A1-75A8-4411-A346-80D4B44256CE}.Release|Any CPU.Build.0 = Release|Any CPU
		{D7956EFE-F3A3-4F6E-BFB7-D6F1067ADC68}.Debug|Any CPU.ActiveCfg = Debug|Any CPU
		{D7956EFE-F3A3-4F6E-BFB7-D6F1067ADC68}.Debug|Any CPU.Build.0 = Debug|Any CPU
		{D7956EFE-F3A3-4F6E-BFB7-D6F1067ADC68}.Release|Any CPU.ActiveCfg = Release|Any CPU
		{D7956EFE-F3A3-4F6E-BFB7-D6F1067ADC68}.Release|Any CPU.Build.0 = Release|Any CPU
		{CF4A4BB4-9BAD-402B-9250-8071FC765B59}.Debug|Any CPU.ActiveCfg = Debug|Any CPU
		{CF4A4BB4-9BAD-402B-9250-8071FC765B59}.Debug|Any CPU.Build.0 = Debug|Any CPU
		{CF4A4BB4-9BAD-402B-9250-8071FC765B59}.Release|Any CPU.ActiveCfg = Release|Any CPU
		{CF4A4BB4-9BAD-402B-9250-8071FC765B59}.Release|Any CPU.Build.0 = Release|Any CPU
		{66B62F85-F6A0-42CB-BED1-858EE8853FAE}.Debug|Any CPU.ActiveCfg = Debug|Any CPU
		{66B62F85-F6A0-42CB-BED1-858EE8853FAE}.Debug|Any CPU.Build.0 = Debug|Any CPU
		{66B62F85-F6A0-42CB-BED1-858EE8853FAE}.Release|Any CPU.ActiveCfg = Release|Any CPU
		{66B62F85-F6A0-42CB-BED1-858EE8853FAE}.Release|Any CPU.Build.0 = Release|Any CPU
	EndGlobalSection
	GlobalSection(SolutionProperties) = preSolution
		HideSolutionNode = FALSE
	EndGlobalSection
	GlobalSection(NestedProjects) = preSolution
		{0EB8F491-1589-4096-8E44-0B290182E3DA} = {5E9D504D-3452-4EB9-AE38-A0BEBB22FC88}
		{4B15F05A-D7B4-4CD5-89A1-05272875B36A} = {5E9D504D-3452-4EB9-AE38-A0BEBB22FC88}
		{367FB774-D60A-4766-A3DA-4C907F5027B1} = {5E9D504D-3452-4EB9-AE38-A0BEBB22FC88}
		{E4ED612C-BBF0-4BAC-960E-863239B34194} = {5E9D504D-3452-4EB9-AE38-A0BEBB22FC88}
		{53334998-06AE-4A9B-B746-CEE448352D1A} = {6BD75DD3-58D0-45AF-819D-AFE5198CC2C2}
		{5E9D504D-3452-4EB9-AE38-A0BEBB22FC88} = {53334998-06AE-4A9B-B746-CEE448352D1A}
		{1ED55D90-BD94-4AD4-82AD-5FB24B8C15F2} = {6BD75DD3-58D0-45AF-819D-AFE5198CC2C2}
		{934659CE-638F-45CC-89BC-2DADCDDC7FD8} = {53334998-06AE-4A9B-B746-CEE448352D1A}
		{D5EEC533-217F-4CDB-B7C2-8224961D661F} = {934659CE-638F-45CC-89BC-2DADCDDC7FD8}
		{FFDFD7B2-88E9-4D78-A94C-B80EC6B0DEB5} = {934659CE-638F-45CC-89BC-2DADCDDC7FD8}
		{E427C51D-0658-4E52-9FF5-CCD335094A1B} = {934659CE-638F-45CC-89BC-2DADCDDC7FD8}
		{F33E4304-77DE-40A6-97B7-E483080C5680} = {1ED55D90-BD94-4AD4-82AD-5FB24B8C15F2}
		{174AEA82-8354-4EFC-94E9-A60E1BC74D13} = {53334998-06AE-4A9B-B746-CEE448352D1A}
		{4B92902D-D300-4706-9351-F4A816684370} = {174AEA82-8354-4EFC-94E9-A60E1BC74D13}
		{A8E602A6-A2BF-4DB2-BD3F-83AB51F88465} = {174AEA82-8354-4EFC-94E9-A60E1BC74D13}
		{5A904168-6BB2-4E14-8952-0DCC882BE692} = {174AEA82-8354-4EFC-94E9-A60E1BC74D13}
		{4A4FA5A0-1FC0-4B07-98B9-C7C66608392C} = {6BD75DD3-58D0-45AF-819D-AFE5198CC2C2}
		{E73B6678-7970-466A-AF2D-AA0F7C149DED} = {4A4FA5A0-1FC0-4B07-98B9-C7C66608392C}
		{F9005EA0-C6E1-4478-B466-29478E019502} = {53334998-06AE-4A9B-B746-CEE448352D1A}
		{1B0D59E6-0814-412C-8B5A-122BB3A3A06E} = {F9005EA0-C6E1-4478-B466-29478E019502}
		{D27995F1-62B6-457A-82FC-1554C4A0CB4C} = {6BD75DD3-58D0-45AF-819D-AFE5198CC2C2}
		{33D806E9-E8D7-4BF7-B2B0-CB27084AE926} = {D27995F1-62B6-457A-82FC-1554C4A0CB4C}
		{0CC8FDA3-857D-45A7-9635-BD1307513520} = {33D806E9-E8D7-4BF7-B2B0-CB27084AE926}
		{892DF38B-06C1-47FB-9E3A-CA38E87341DE} = {33D806E9-E8D7-4BF7-B2B0-CB27084AE926}
		{3466A3C2-46C5-48F1-B7D5-0A8ADA65A5DE} = {F9005EA0-C6E1-4478-B466-29478E019502}
		{CB5694A1-75A8-4411-A346-80D4B44256CE} = {F9005EA0-C6E1-4478-B466-29478E019502}
		{D7956EFE-F3A3-4F6E-BFB7-D6F1067ADC68} = {F33E4304-77DE-40A6-97B7-E483080C5680}
		{422B8E4C-ECAB-4EB8-9666-812CBDDFC4C0} = {53334998-06AE-4A9B-B746-CEE448352D1A}
		{CF4A4BB4-9BAD-402B-9250-8071FC765B59} = {422B8E4C-ECAB-4EB8-9666-812CBDDFC4C0}
		{66B62F85-F6A0-42CB-BED1-858EE8853FAE} = {174AEA82-8354-4EFC-94E9-A60E1BC74D13}
	EndGlobalSection
	GlobalSection(ExtensibilityGlobals) = postSolution
		SolutionGuid = {818125AE-BF8D-4538-87CF-4F69F51477FC}
	EndGlobalSection
EndGlobal
